
Microsoft Visual Studio Solution File, Format Version 12.00
# Visual Studio Version 17
VisualStudioVersion = 17.7.34031.279
MinimumVisualStudioVersion = 10.0.40219.1
Project("{FAE04EC0-301F-11D3-BF4B-00C04F79EFBC}") = "LoginFormUsingIdentityFramework", "LoginFormUsingIdentityFramework\LoginFormUsingIdentityFramework.csproj", "{95411AF0-D66B-4144-A845-ABB2B107C2E3}"
EndProject
Global
	GlobalSection(SolutionConfigurationPlatforms) = preSolution
		Debug|Any CPU = Debug|Any CPU
		Release|Any CPU = Release|Any CPU
	EndGlobalSection
	GlobalSection(ProjectConfigurationPlatforms) = postSolution
		{95411AF0-D66B-4144-A845-ABB2B107C2E3}.Debug|Any CPU.ActiveCfg = Debug|Any CPU
		{95411AF0-D66B-4144-A845-ABB2B107C2E3}.Debug|Any CPU.Build.0 = Debug|Any CPU
		{95411AF0-D66B-4144-A845-ABB2B107C2E3}.Release|Any CPU.ActiveCfg = Release|Any CPU
		{95411AF0-D66B-4144-A845-ABB2B107C2E3}.Release|Any CPU.Build.0 = Release|Any CPU
	EndGlobalSection
	GlobalSection(SolutionProperties) = preSolution
		HideSolutionNode = FALSE
	EndGlobalSection
	GlobalSection(ExtensibilityGlobals) = postSolution
		SolutionGuid = {600F9069-6B97-4120-95A5-C0582509B7FD}
	EndGlobalSection
EndGlobal
