
Microsoft Visual Studio Solution File, Format Version 12.00
# Visual Studio Version 17
VisualStudioVersion = 17.7.34031.279
MinimumVisualStudioVersion = 10.0.40219.1
Project("{FAE04EC0-301F-11D3-BF4B-00C04F79EFBC}") = "3-AttributeBasedRouting", "3-AttributeBasedRouting\3-AttributeBasedRouting.csproj", "{D550CE32-D606-4FD3-A042-AE0A4AEDDC61}"
EndProject
Global
	GlobalSection(SolutionConfigurationPlatforms) = preSolution
		Debug|Any CPU = Debug|Any CPU
		Release|Any CPU = Release|Any CPU
	EndGlobalSection
	GlobalSection(ProjectConfigurationPlatforms) = postSolution
		{D550CE32-D606-4FD3-A042-AE0A4AEDDC61}.Debug|Any CPU.ActiveCfg = Debug|Any CPU
		{D550CE32-D606-4FD3-A042-AE0A4AEDDC61}.Debug|Any CPU.Build.0 = Debug|Any CPU
		{D550CE32-D606-4FD3-A042-AE0A4AEDDC61}.Release|Any CPU.ActiveCfg = Release|Any CPU
		{D550CE32-D606-4FD3-A042-AE0A4AEDDC61}.Release|Any CPU.Build.0 = Release|Any CPU
	EndGlobalSection
	GlobalSection(SolutionProperties) = preSolution
		HideSolutionNode = FALSE
	EndGlobalSection
	GlobalSection(ExtensibilityGlobals) = postSolution
		SolutionGuid = {EF7EB794-5E43-44DF-B036-D53B1A4374D7}
	EndGlobalSection
EndGlobal
